
Microsoft Visual Studio Solution File, Format Version 12.00
# Visual Studio Version 16
VisualStudioVersion = 16.0.29306.81
MinimumVisualStudioVersion = 10.0.40219.1
Project("{FAE04EC0-301F-11D3-BF4B-00C04F79EFBC}") = "CityScrapping", "CityScrapping.csproj", "{C796C7B0-41A7-47D9-91CF-C3A65B807794}"
	ProjectSection(ProjectDependencies) = postProject
		{F19472F5-8C44-4C51-A8A0-B9DE5F555255} = {F19472F5-8C44-4C51-A8A0-B9DE5F555255}
	EndProjectSection
EndProject
Project("{FAE04EC0-301F-11D3-BF4B-00C04F79EFBC}") = "DarkUI", "..\DarkUI\DarkUI.csproj", "{F19472F5-8C44-4C51-A8A0-B9DE5F555255}"
EndProject
Global
	GlobalSection(SolutionConfigurationPlatforms) = preSolution
		Debug|Any CPU = Debug|Any CPU
		Release|Any CPU = Release|Any CPU
	EndGlobalSection
	GlobalSection(ProjectConfigurationPlatforms) = postSolution
		{C796C7B0-41A7-47D9-91CF-C3A65B807794}.Debug|Any CPU.ActiveCfg = Debug|Any CPU
		{C796C7B0-41A7-47D9-91CF-C3A65B807794}.Debug|Any CPU.Build.0 = Debug|Any CPU
		{C796C7B0-41A7-47D9-91CF-C3A65B807794}.Release|Any CPU.ActiveCfg = Release|Any CPU
		{C796C7B0-41A7-47D9-91CF-C3A65B807794}.Release|Any CPU.Build.0 = Release|Any CPU
		{F19472F5-8C44-4C51-A8A0-B9DE5F555255}.Debug|Any CPU.ActiveCfg = Debug|Any CPU
		{F19472F5-8C44-4C51-A8A0-B9DE5F555255}.Debug|Any CPU.Build.0 = Debug|Any CPU
		{F19472F5-8C44-4C51-A8A0-B9DE5F555255}.Release|Any CPU.ActiveCfg = Release|Any CPU
		{F19472F5-8C44-4C51-A8A0-B9DE5F555255}.Release|Any CPU.Build.0 = Release|Any CPU
	EndGlobalSection
	GlobalSection(SolutionProperties) = preSolution
		HideSolutionNode = FALSE
	EndGlobalSection
	GlobalSection(ExtensibilityGlobals) = postSolution
		SolutionGuid = {7A3DD1C5-1BBD-4CE8-B70E-87EA8DB5BD86}
	EndGlobalSection
EndGlobal
